
Microsoft Visual Studio Solution File, Format Version 12.00
# Visual Studio Version 17
VisualStudioVersion = 17.5.33424.131
MinimumVisualStudioVersion = 10.0.40219.1
Project("{9A19103F-16F7-4668-BE54-9A1E7A4F7556}") = "PatApi.WebApi", "PatApi\PatApi.WebApi.csproj", "{F8199ED4-1B50-4751-ADEC-534EA3B20A08}"
EndProject
Project("{FAE04EC0-301F-11D3-BF4B-00C04F79EFBC}") = "PatApi.Data", "PatApi.Data\PatApi.Data.csproj", "{7769477B-16E1-4EDB-9653-DFCCD03ACAA5}"
EndProject
Project("{FAE04EC0-301F-11D3-BF4B-00C04F79EFBC}") = "PatApi.Base", "PatApi.Base\PatApi.Base.csproj", "{1BFBA7A2-A668-494C-8DA3-6526E6F06CAB}"
EndProject
Project("{FAE04EC0-301F-11D3-BF4B-00C04F79EFBC}") = "PatApi.Dto", "PatApi.Dto\PatApi.Dto.csproj", "{888F30C7-BB0D-481C-AB38-785A54667C11}"
EndProject
Global
	GlobalSection(SolutionConfigurationPlatforms) = preSolution
		Debug|Any CPU = Debug|Any CPU
		Release|Any CPU = Release|Any CPU
	EndGlobalSection
	GlobalSection(ProjectConfigurationPlatforms) = postSolution
		{F8199ED4-1B50-4751-ADEC-534EA3B20A08}.Debug|Any CPU.ActiveCfg = Debug|Any CPU
		{F8199ED4-1B50-4751-ADEC-534EA3B20A08}.Debug|Any CPU.Build.0 = Debug|Any CPU
		{F8199ED4-1B50-4751-ADEC-534EA3B20A08}.Release|Any CPU.ActiveCfg = Release|Any CPU
		{F8199ED4-1B50-4751-ADEC-534EA3B20A08}.Release|Any CPU.Build.0 = Release|Any CPU
		{7769477B-16E1-4EDB-9653-DFCCD03ACAA5}.Debug|Any CPU.ActiveCfg = Debug|Any CPU
		{7769477B-16E1-4EDB-9653-DFCCD03ACAA5}.Debug|Any CPU.Build.0 = Debug|Any CPU
		{7769477B-16E1-4EDB-9653-DFCCD03ACAA5}.Release|Any CPU.ActiveCfg = Release|Any CPU
		{7769477B-16E1-4EDB-9653-DFCCD03ACAA5}.Release|Any CPU.Build.0 = Release|Any CPU
		{1BFBA7A2-A668-494C-8DA3-6526E6F06CAB}.Debug|Any CPU.ActiveCfg = Debug|Any CPU
		{1BFBA7A2-A668-494C-8DA3-6526E6F06CAB}.Debug|Any CPU.Build.0 = Debug|Any CPU
		{1BFBA7A2-A668-494C-8DA3-6526E6F06CAB}.Release|Any CPU.ActiveCfg = Release|Any CPU
		{1BFBA7A2-A668-494C-8DA3-6526E6F06CAB}.Release|Any CPU.Build.0 = Release|Any CPU
		{888F30C7-BB0D-481C-AB38-785A54667C11}.Debug|Any CPU.ActiveCfg = Debug|Any CPU
		{888F30C7-BB0D-481C-AB38-785A54667C11}.Debug|Any CPU.Build.0 = Debug|Any CPU
		{888F30C7-BB0D-481C-AB38-785A54667C11}.Release|Any CPU.ActiveCfg = Release|Any CPU
		{888F30C7-BB0D-481C-AB38-785A54667C11}.Release|Any CPU.Build.0 = Release|Any CPU
	EndGlobalSection
	GlobalSection(SolutionProperties) = preSolution
		HideSolutionNode = FALSE
	EndGlobalSection
	GlobalSection(ExtensibilityGlobals) = postSolution
		SolutionGuid = {AA5221AB-CDCD-4BEF-A8B2-B5DFC572E96E}
	EndGlobalSection
EndGlobal
